<Solution>
  <Configurations>
    <Platform Name="x64" />
    <Platform Name="x86" />
  </Configurations>
  <Project Path="../test/test.vcxproj" Id="31a3bbe3-95c1-4d07-a2ef-0f05b8aa8bcc" />
  <Project Path="msvc.vcxproj" Id="e33a6efe-9549-4fd4-b1a6-b6b3f20ec22a" />
  <Project Path="transportRace.vcxproj" Id="a2880177-706e-4954-a14d-593f8b632c5d" />
</Solution>
